
Microsoft Visual Studio Solution File, Format Version 12.00
# Visual Studio Version 17
VisualStudioVersion = 17.13.35825.156 d17.13
MinimumVisualStudioVersion = 10.0.40219.1
Project("{FAE04EC0-301F-11D3-BF4B-00C04F79EFBC}") = "ConnectionstringUtil", "ConnectionstringUtil\ConnectionstringUtil.csproj", "{0525F772-6A9C-424B-91F9-C3F8963FACE0}"
EndProject
Global
	GlobalSection(SolutionConfigurationPlatforms) = preSolution
		Debug|Any CPU = Debug|Any CPU
		Release|Any CPU = Release|Any CPU
	EndGlobalSection
	GlobalSection(ProjectConfigurationPlatforms) = postSolution
		{0525F772-6A9C-424B-91F9-C3F8963FACE0}.Debug|Any CPU.ActiveCfg = Debug|Any CPU
		{0525F772-6A9C-424B-91F9-C3F8963FACE0}.Debug|Any CPU.Build.0 = Debug|Any CPU
		{0525F772-6A9C-424B-91F9-C3F8963FACE0}.Release|Any CPU.ActiveCfg = Release|Any CPU
		{0525F772-6A9C-424B-91F9-C3F8963FACE0}.Release|Any CPU.Build.0 = Release|Any CPU
	EndGlobalSection
	GlobalSection(SolutionProperties) = preSolution
		HideSolutionNode = FALSE
	EndGlobalSection
	GlobalSection(ExtensibilityGlobals) = postSolution
		SolutionGuid = {10CFFCC2-BDA2-44C6-B40A-44AD22534944}
	EndGlobalSection
EndGlobal
